
Microsoft Visual Studio Solution File, Format Version 12.00
# Visual Studio Version 17
VisualStudioVersion = 17.5.33516.290
MinimumVisualStudioVersion = 10.0.40219.1
Project("{9A19103F-16F7-4668-BE54-9A1E7A4F7556}") = "BulkUploadProGateway", "BulkUploadProGateway\BulkUploadProGateway.csproj", "{8DE45147-3BC6-4F13-B7F2-2B9573834F5F}"
EndProject
Project("{9A19103F-16F7-4668-BE54-9A1E7A4F7556}") = "AuthCraftHub", "AuthCraftHub\AuthCraftHub.csproj", "{8D86D693-48D9-4909-9195-C7CD5BE39A19}"
EndProject
Project("{9A19103F-16F7-4668-BE54-9A1E7A4F7556}") = "ClientSchemaHub", "ClientSchemaHub\ClientSchemaHub.csproj", "{DDEA0925-755B-4DA2-85FB-93747C310CFF}"
EndProject
Project("{9A19103F-16F7-4668-BE54-9A1E7A4F7556}") = "SchemaCraftHub", "SchemaCraftHub\SchemaCraftHub.csproj", "{090C101C-EAF3-497A-B3CA-71BFCBF0D820}"
EndProject
Project("{9A19103F-16F7-4668-BE54-9A1E7A4F7556}") = "ExcelSyncHub", "ExcelSyncHub\ExcelSyncHub.csproj", "{E7FB8709-5298-4679-ADF0-F259D91F5CC3}"
EndProject
Project("{9A19103F-16F7-4668-BE54-9A1E7A4F7556}") = "DBUtilityHub", "DBUtilityHub\DBUtilityHub.csproj", "{F6E91134-EE81-4277-8730-9BABCE949B64}"
EndProject
Global
	GlobalSection(SolutionConfigurationPlatforms) = preSolution
		Debug|Any CPU = Debug|Any CPU
		Release|Any CPU = Release|Any CPU
	EndGlobalSection
	GlobalSection(ProjectConfigurationPlatforms) = postSolution
		{8DE45147-3BC6-4F13-B7F2-2B9573834F5F}.Debug|Any CPU.ActiveCfg = Debug|Any CPU
		{8DE45147-3BC6-4F13-B7F2-2B9573834F5F}.Debug|Any CPU.Build.0 = Debug|Any CPU
		{8DE45147-3BC6-4F13-B7F2-2B9573834F5F}.Release|Any CPU.ActiveCfg = Release|Any CPU
		{8DE45147-3BC6-4F13-B7F2-2B9573834F5F}.Release|Any CPU.Build.0 = Release|Any CPU
		{8D86D693-48D9-4909-9195-C7CD5BE39A19}.Debug|Any CPU.ActiveCfg = Debug|Any CPU
		{8D86D693-48D9-4909-9195-C7CD5BE39A19}.Debug|Any CPU.Build.0 = Debug|Any CPU
		{8D86D693-48D9-4909-9195-C7CD5BE39A19}.Release|Any CPU.ActiveCfg = Release|Any CPU
		{8D86D693-48D9-4909-9195-C7CD5BE39A19}.Release|Any CPU.Build.0 = Release|Any CPU
		{DDEA0925-755B-4DA2-85FB-93747C310CFF}.Debug|Any CPU.ActiveCfg = Debug|Any CPU
		{DDEA0925-755B-4DA2-85FB-93747C310CFF}.Debug|Any CPU.Build.0 = Debug|Any CPU
		{DDEA0925-755B-4DA2-85FB-93747C310CFF}.Release|Any CPU.ActiveCfg = Release|Any CPU
		{DDEA0925-755B-4DA2-85FB-93747C310CFF}.Release|Any CPU.Build.0 = Release|Any CPU
		{090C101C-EAF3-497A-B3CA-71BFCBF0D820}.Debug|Any CPU.ActiveCfg = Debug|Any CPU
		{090C101C-EAF3-497A-B3CA-71BFCBF0D820}.Debug|Any CPU.Build.0 = Debug|Any CPU
		{090C101C-EAF3-497A-B3CA-71BFCBF0D820}.Release|Any CPU.ActiveCfg = Release|Any CPU
		{090C101C-EAF3-497A-B3CA-71BFCBF0D820}.Release|Any CPU.Build.0 = Release|Any CPU
		{E7FB8709-5298-4679-ADF0-F259D91F5CC3}.Debug|Any CPU.ActiveCfg = Debug|Any CPU
		{E7FB8709-5298-4679-ADF0-F259D91F5CC3}.Debug|Any CPU.Build.0 = Debug|Any CPU
		{E7FB8709-5298-4679-ADF0-F259D91F5CC3}.Release|Any CPU.ActiveCfg = Release|Any CPU
		{E7FB8709-5298-4679-ADF0-F259D91F5CC3}.Release|Any CPU.Build.0 = Release|Any CPU
		{F6E91134-EE81-4277-8730-9BABCE949B64}.Debug|Any CPU.ActiveCfg = Debug|Any CPU
		{F6E91134-EE81-4277-8730-9BABCE949B64}.Debug|Any CPU.Build.0 = Debug|Any CPU
		{F6E91134-EE81-4277-8730-9BABCE949B64}.Release|Any CPU.ActiveCfg = Release|Any CPU
		{F6E91134-EE81-4277-8730-9BABCE949B64}.Release|Any CPU.Build.0 = Release|Any CPU
	EndGlobalSection
	GlobalSection(SolutionProperties) = preSolution
		HideSolutionNode = FALSE
	EndGlobalSection
	GlobalSection(ExtensibilityGlobals) = postSolution
		SolutionGuid = {CBD4F237-8DD0-424B-B64B-1D4A85F8EC41}
	EndGlobalSection
EndGlobal
